// !$*UTF8*$!
{
	archiveVersion = 1;
	classes = {
	};
	objectVersion = 46;
	objects = {

/* Begin PBXBuildFile section */
		04FF093D1DF1C67500DEF5C2 /* AppDelegate.swift in Sources */ = {isa = PBXBuildFile; fileRef = 04FF093C1DF1C67500DEF5C2 /* AppDelegate.swift */; };
		04FF093F1DF1C67500DEF5C2 /* ViewController.swift in Sources */ = {isa = PBXBuildFile; fileRef = 04FF093E1DF1C67500DEF5C2 /* ViewController.swift */; };
		04FF09421DF1C67500DEF5C2 /* Main.storyboard in Resources */ = {isa = PBXBuildFile; fileRef = 04FF09401DF1C67500DEF5C2 /* Main.storyboard */; };
		04FF09451DF1C67500DEF5C2 /* DoIt.xcdatamodeld in Sources */ = {isa = PBXBuildFile; fileRef = 04FF09431DF1C67500DEF5C2 /* DoIt.xcdatamodeld */; };
		04FF09471DF1C67500DEF5C2 /* Assets.xcassets in Resources */ = {isa = PBXBuildFile; fileRef = 04FF09461DF1C67500DEF5C2 /* Assets.xcassets */; };
		04FF094A1DF1C67500DEF5C2 /* LaunchScreen.storyboard in Resources */ = {isa = PBXBuildFile; fileRef = 04FF09481DF1C67500DEF5C2 /* LaunchScreen.storyboard */; };
/* End PBXBuildFile section */

/* Begin PBXFileReference section */
		04FF09391DF1C67500DEF5C2 /* DoIt.app */ = {isa = PBXFileReference; explicitFileType = wrapper.application; includeInIndex = 0; path = DoIt.app; sourceTree = BUILT_PRODUCTS_DIR; };
		04FF093C1DF1C67500DEF5C2 /* AppDelegate.swift */ = {isa = PBXFileReference; lastKnownFileType = sourcecode.swift; path = AppDelegate.swift; sourceTree = "<group>"; };
		04FF093E1DF1C67500DEF5C2 /* ViewController.swift */ = {isa = PBXFileReference; lastKnownFileType = sourcecode.swift; path = ViewController.swift; sourceTree = "<group>"; };
		04FF09411DF1C67500DEF5C2 /* Base */ = {isa = PBXFileReference; lastKnownFileType = file.storyboard; name = Base; path = Base.lproj/Main.storyboard; sourceTree = "<group>"; };
		04FF09441DF1C67500DEF5C2 /* DoIt.xcdatamodel */ = {isa = PBXFileReference; lastKnownFileType = wrapper.xcdatamodel; path = DoIt.xcdatamodel; sourceTree = "<group>"; };
		04FF09461DF1C67500DEF5C2 /* Assets.xcassets */ = {isa = PBXFileReference; lastKnownFileType = folder.assetcatalog; path = Assets.xcassets; sourceTree = "<group>"; };
		04FF09491DF1C67500DEF5C2 /* Base */ = {isa = PBXFileReference; lastKnownFileType = file.storyboard; name = Base; path = Base.lproj/LaunchScreen.storyboard; sourceTree = "<group>"; };
		04FF094B1DF1C67500DEF5C2 /* Info.plist */ = {isa = PBXFileReference; lastKnownFileType = text.plist.xml; path = Info.plist; sourceTree = "<group>"; };
/* End PBXFileReference section */

/* Begin PBXFrameworksBuildPhase section */
		04FF09361DF1C67500DEF5C2 /* Frameworks */ = {
			isa = PBXFrameworksBuildPhase;
			buildActionMask = 2147483647;
			files = (
			);
			runOnlyForDeploymentPostprocessing = 0;
		};
/* End PBXFrameworksBuildPhase section */

/* Begin PBXGroup section */
		04FF09301DF1C67500DEF5C2 = {
			isa = PBXGroup;
			children = (
				04FF093B1DF1C67500DEF5C2 /* DoIt */,
				04FF093A1DF1C67500DEF5C2 /* Products */,
			);
			sourceTree = "<group>";
		};
		04FF093A1DF1C67500DEF5C2 /* Products */ = {
			isa = PBXGroup;
			children = (
				04FF09391DF1C67500DEF5C2 /* DoIt.app */,
			);
			name = Products;
			sourceTree = "<group>";
		};
		04FF093B1DF1C67500DEF5C2 /* DoIt */ = {
			isa = PBXGroup;
			children = (
				04FF093C1DF1C67500DEF5C2 /* AppDelegate.swift */,
				04FF093E1DF1C67500DEF5C2 /* ViewController.swift */,
				04FF09401DF1C67500DEF5C2 /* Main.storyboard */,
				04FF09461DF1C67500DEF5C2 /* Assets.xcassets */,
				04FF09481DF1C67500DEF5C2 /* LaunchScreen.storyboard */,
				04FF094B1DF1C67500DEF5C2 /* Info.plist */,
				04FF09431DF1C67500DEF5C2 /* DoIt.xcdatamodeld */,
			);
			path = DoIt;
			sourceTree = "<group>";
		};
/* End PBXGroup section */

/* Begin PBXNativeTarget section */
		04FF09381DF1C67500DEF5C2 /* DoIt */ = {
			isa = PBXNativeTarget;
			buildConfigurationList = 04FF094E1DF1C67500DEF5C2 /* Build configuration list for PBXNativeTarget "DoIt" */;
			buildPhases = (
				04FF09351DF1C67500DEF5C2 /* Sources */,
				04FF09361DF1C67500DEF5C2 /* Frameworks */,
				04FF09371DF1C67500DEF5C2 /* Resources */,
			);
			buildRules = (
			);
			dependencies = (
			);
			name = DoIt;
			productName = DoIt;
			productReference = 04FF09391DF1C67500DEF5C2 /* DoIt.app */;
			productType = "com.apple.product-type.application";
		};
/* End PBXNativeTarget section */

/* Begin PBXProject section */
		04FF09311DF1C67500DEF5C2 /* Project object */ = {
			isa = PBXProject;
			attributes = {
				LastSwiftUpdateCheck = 0810;
				LastUpgradeCheck = 0810;
				ORGANIZATIONNAME = yoyo;
				TargetAttributes = {
					04FF09381DF1C67500DEF5C2 = {
						CreatedOnToolsVersion = 8.1;
						ProvisioningStyle = Automatic;
					};
				};
			};
			buildConfigurationList = 04FF09341DF1C67500DEF5C2 /* Build configuration list for PBXProject "DoIt" */;
			compatibilityVersion = "Xcode 3.2";
			developmentRegion = English;
			hasScannedForEncodings = 0;
			knownRegions = (
				en,
				Base,
			);
			mainGroup = 04FF09301DF1C67500DEF5C2;
			productRefGroup = 04FF093A1DF1C67500DEF5C2 /* Products */;
			projectDirPath = "";
			projectRoot = "";
			targets = (
				04FF09381DF1C67500DEF5C2 /* DoIt */,
			);
		};
/* End PBXProject section */

/* Begin PBXResourcesBuildPhase section */
		04FF09371DF1C67500DEF5C2 /* Resources */ = {
			isa = PBXResourcesBuildPhase;
			buildActionMask = 2147483647;
			files = (
				04FF094A1DF1C67500DEF5C2 /* LaunchScreen.storyboard in Resources */,
				04FF09471DF1C67500DEF5C2 /* Assets.xcassets in Resources */,
				04FF09421DF1C67500DEF5C2 /* Main.storyboard in Resources */,
			);
			runOnlyForDeploymentPostprocessing = 0;
		};
/* End PBXResourcesBuildPhase section */

/* Begin PBXSourcesBuildPhase section */
		04FF09351DF1C67500DEF5C2 /* Sources */ = {
			isa = PBXSourcesBuildPhase;
			buildActionMask = 2147483647;
			files = (
				04FF09451DF1C67500DEF5C2 /* DoIt.xcdatamodeld in Sources */,
				04FF093F1DF1C67500DEF5C2 /* ViewController.swift in Sources */,
				04FF093D1DF1C67500DEF5C2 /* AppDelegate.swift in Sources */,
			);
			runOnlyForDeploymentPostprocessing = 0;
		};
/* End PBXSourcesBuildPhase section */

/* Begin PBXVariantGroup section */
		04FF09401DF1C67500DEF5C2 /* Main.storyboard */ = {
			isa = PBXVariantGroup;
			children = (
				04FF09411DF1C67500DEF5C2 /* Base */,
			);
			name = Main.storyboard;
			sourceTree = "<group>";
		};
		04FF09481DF1C67500DEF5C2 /* LaunchScreen.storyboard */ = {
			isa = PBXVariantGroup;
			children = (
				04FF09491DF1C67500DEF5C2 /* Base */,
			);
			name = LaunchScreen.storyboard;
			sourceTree = "<group>";
		};
/* End PBXVariantGroup section */

/* Begin XCBuildConfiguration section */
		04FF094C1DF1C67500DEF5C2 /* Debug */ = {
			isa = XCBuildConfiguration;
			buildSettings = {
				ALWAYS_SEARCH_USER_PATHS = NO;
				CLANG_ANALYZER_NONNULL = YES;
				CLANG_CXX_LANGUAGE_STANDARD = "gnu++0x";
				CLANG_CXX_LIBRARY = "libc++";
				CLANG_ENABLE_MODULES = YES;
				CLANG_ENABLE_OBJC_ARC = YES;
				CLANG_WARN_BOOL_CONVERSION = YES;
				CLANG_WARN_CONSTANT_CONVERSION = YES;
				CLANG_WARN_DIRECT_OBJC_ISA_USAGE = YES_ERROR;
				CLANG_WARN_DOCUMENTATION_COMMENTS = YES;
				CLANG_WARN_EMPTY_BODY = YES;
				CLANG_WARN_ENUM_CONVERSION = YES;
				CLANG_WARN_INFINITE_RECURSION = YES;
				CLANG_WARN_INT_CONVERSION = YES;
				CLANG_WARN_OBJC_ROOT_CLASS = YES_ERROR;
				CLANG_WARN_SUSPICIOUS_MOVES = YES;
				CLANG_WARN_UNREACHABLE_CODE = YES;
				CLANG_WARN__DUPLICATE_METHOD_MATCH = YES;
				"CODE_SIGN_IDENTITY[sdk=iphoneos*]" = "iPhone Developer";
				COPY_PHASE_STRIP = NO;
				DEBUG_INFORMATION_FORMAT = dwarf;
				ENABLE_STRICT_OBJC_MSGSEND = YES;
				ENABLE_TESTABILITY = YES;
				GCC_C_LANGUAGE_STANDARD = gnu99;
				GCC_DYNAMIC_NO_PIC = NO;
				GCC_NO_COMMON_BLOCKS = YES;
				GCC_OPTIMIZATION_LEVEL = 0;
				GCC_PREPROCESSOR_DEFINITIONS = (
					"DEBUG=1",
					"$(inherited)",
				);
				GCC_WARN_64_TO_32_BIT_CONVERSION = YES;
				GCC_WARN_ABOUT_RETURN_TYPE = YES_ERROR;
				GCC_WARN_UNDECLARED_SELECTOR = YES;
				GCC_WARN_UNINITIALIZED_AUTOS = YES_AGGRESSIVE;
				GCC_WARN_UNUSED_FUNCTION = YES;
				GCC_WARN_UNUSED_VARIABLE = YES;
				IPHONEOS_DEPLOYMENT_TARGET = 10.1;
				MTL_ENABLE_DEBUG_INFO = YES;
				ONLY_ACTIVE_ARCH = YES;
				SDKROOT = iphoneos;
				SWIFT_ACTIVE_COMPILATION_CONDITIONS = DEBUG;
				SWIFT_OPTIMIZATION_LEVEL = "-Onone";
				TARGETED_DEVICE_FAMILY = "1,2";
			};
			name = Debug;
		};
		04FF094D1DF1C67500DEF5C2 /* Release */ = {
			isa = XCBuildConfiguration;
			buildSettings = {
				ALWAYS_SEARCH_USER_PATHS = NO;
				CLANG_ANALYZER_NONNULL = YES;
				CLANG_CXX_LANGUAGE_STANDARD = "gnu++0x";
				CLANG_CXX_LIBRARY = "libc++";
				CLANG_ENABLE_MODULES = YES;
				CLANG_ENABLE_OBJC_ARC = YES;
				CLANG_WARN_BOOL_CONVERSION = YES;
				CLANG_WARN_CONSTANT_CONVERSION = YES;
				CLANG_WARN_DIRECT_OBJC_ISA_USAGE = YES_ERROR;
				CLANG_WARN_DOCUMENTATION_COMMENTS = YES;
				CLANG_WARN_EMPTY_BODY = YES;
				CLANG_WARN_ENUM_CONVERSION = YES;
				CLANG_WARN_INFINITE_RECURSION = YES;
				CLANG_WARN_INT_CONVERSION = YES;
				CLANG_WARN_OBJC_ROOT_CLASS = YES_ERROR;
				CLANG_WARN_SUSPICIOUS_MOVES = YES;
				CLANG_WARN_UNREACHABLE_CODE = YES;
				CLANG_WARN__DUPLICATE_METHOD_MATCH = YES;
				"CODE_SIGN_IDENTITY[sdk=iphoneos*]" = "iPhone Developer";
				COPY_PHASE_STRIP = NO;
				DEBUG_INFORMATION_FORMAT = "dwarf-with-dsym";
				ENABLE_NS_ASSERTIONS = NO;
				ENABLE_STRICT_OBJC_MSGSEND = YES;
				GCC_C_LANGUAGE_STANDARD = gnu99;
				GCC_NO_COMMON_BLOCKS = YES;
				GCC_WARN_64_TO_32_BIT_CONVERSION = YES;
				GCC_WARN_ABOUT_RETURN_TYPE = YES_ERROR;
				GCC_WARN_UNDECLARED_SELECTOR = YES;
				GCC_WARN_UNINITIALIZED_AUTOS = YES_AGGRESSIVE;
				GCC_WARN_UNUSED_FUNCTION = YES;
				GCC_WARN_UNUSED_VARIABLE = YES;
				IPHONEOS_DEPLOYMENT_TARGET = 10.1;
				MTL_ENABLE_DEBUG_INFO = NO;
				SDKROOT = iphoneos;
				SWIFT_OPTIMIZATION_LEVEL = "-Owholemodule";
				TARGETED_DEVICE_FAMILY = "1,2";
				VALIDATE_PRODUCT = YES;
			};
			name = Release;
		};
		04FF094F1DF1C67500DEF5C2 /* Debug */ = {
			isa = XCBuildConfiguration;
			buildSettings = {
				ASSETCATALOG_COMPILER_APPICON_NAME = AppIcon;
				INFOPLIST_FILE = DoIt/Info.plist;
				LD_RUNPATH_SEARCH_PATHS = "$(inherited) @executable_path/Frameworks";
				PRODUCT_BUNDLE_IDENTIFIER = com.yoyo.DoIt;
				PRODUCT_NAME = "$(TARGET_NAME)";
				SWIFT_VERSION = 3.0;
			};
			name = Debug;
		};
		04FF09501DF1C67500DEF5C2 /* Release */ = {
			isa = XCBuildConfiguration;
			buildSettings = {
				ASSETCATALOG_COMPILER_APPICON_NAME = AppIcon;
				INFOPLIST_FILE = DoIt/Info.plist;
				LD_RUNPATH_SEARCH_PATHS = "$(inherited) @executable_path/Frameworks";
				PRODUCT_BUNDLE_IDENTIFIER = com.yoyo.DoIt;
				PRODUCT_NAME = "$(TARGET_NAME)";
				SWIFT_VERSION = 3.0;
			};
			name = Release;
		};
/* End XCBuildConfiguration section */

/* Begin XCConfigurationList section */
		04FF09341DF1C67500DEF5C2 /* Build configuration list for PBXProject "DoIt" */ = {
			isa = XCConfigurationList;
			buildConfigurations = (
				04FF094C1DF1C67500DEF5C2 /* Debug */,
				04FF094D1DF1C67500DEF5C2 /* Release */,
			);
			defaultConfigurationIsVisible = 0;
			defaultConfigurationName = Release;
		};
		04FF094E1DF1C67500DEF5C2 /* Build configuration list for PBXNativeTarget "DoIt" */ = {
			isa = XCConfigurationList;
			buildConfigurations = (
				04FF094F1DF1C67500DEF5C2 /* Debug */,
				04FF09501DF1C67500DEF5C2 /* Release */,
			);
			defaultConfigurationIsVisible = 0;
		};
/* End XCConfigurationList section */

/* Begin XCVersionGroup section */
		04FF09431DF1C67500DEF5C2 /* DoIt.xcdatamodeld */ = {
			isa = XCVersionGroup;
			children = (
				04FF09441DF1C67500DEF5C2 /* DoIt.xcdatamodel */,
			);
			currentVersion = 04FF09441DF1C67500DEF5C2 /* DoIt.xcdatamodel */;
			path = DoIt.xcdatamodeld;
			sourceTree = "<group>";
			versionGroupType = wrapper.xcdatamodel;
		};
/* End XCVersionGroup section */
	};
	rootObject = 04FF09311DF1C67500DEF5C2 /* Project object */;
}
